
Microsoft Visual Studio Solution File, Format Version 12.00
# Visual Studio Version 17
VisualStudioVersion = 17.12.35707.178 d17.12
MinimumVisualStudioVersion = 10.0.40219.1
Project("{FAE04EC0-301F-11D3-BF4B-00C04F79EFBC}") = "MC Basic App GitHub", "MC Basic App GitHub\MC Basic App GitHub.csproj", "{B486D4A0-0811-4B58-BC43-0DE3363C0589}"
EndProject
Project("{FAE04EC0-301F-11D3-BF4B-00C04F79EFBC}") = "MC_Basic_App_Core.Tests", "MC_Basic_App_Core.Tests\MC_Basic_App_Core.Tests.csproj", "{8FC921AE-09DC-49EF-9CB1-5E772674D477}"
EndProject
Global
	GlobalSection(SolutionConfigurationPlatforms) = preSolution
		Debug|Any CPU = Debug|Any CPU
		Release|Any CPU = Release|Any CPU
	EndGlobalSection
	GlobalSection(ProjectConfigurationPlatforms) = postSolution
		{B486D4A0-0811-4B58-BC43-0DE3363C0589}.Debug|Any CPU.ActiveCfg = Debug|Any CPU
		{B486D4A0-0811-4B58-BC43-0DE3363C0589}.Debug|Any CPU.Build.0 = Debug|Any CPU
		{B486D4A0-0811-4B58-BC43-0DE3363C0589}.Release|Any CPU.ActiveCfg = Release|Any CPU
		{B486D4A0-0811-4B58-BC43-0DE3363C0589}.Release|Any CPU.Build.0 = Release|Any CPU
		{8FC921AE-09DC-49EF-9CB1-5E772674D477}.Debug|Any CPU.ActiveCfg = Debug|Any CPU
		{8FC921AE-09DC-49EF-9CB1-5E772674D477}.Debug|Any CPU.Build.0 = Debug|Any CPU
		{8FC921AE-09DC-49EF-9CB1-5E772674D477}.Release|Any CPU.ActiveCfg = Release|Any CPU
		{8FC921AE-09DC-49EF-9CB1-5E772674D477}.Release|Any CPU.Build.0 = Release|Any CPU
	EndGlobalSection
	GlobalSection(SolutionProperties) = preSolution
		HideSolutionNode = FALSE
	EndGlobalSection
EndGlobal
